
Microsoft Visual Studio Solution File, Format Version 12.00
# Visual Studio 14
VisualStudioVersion = 14.0.24720.0
MinimumVisualStudioVersion = 10.0.40219.1
Project("{FAE04EC0-301F-11D3-BF4B-00C04F79EFBC}") = "MyExtension", "MyExtension\MyExtension.csproj", "{601ACD96-E515-45E3-9BF6-00ADF3DF9532}"
EndProject
Project("{FAE04EC0-301F-11D3-BF4B-00C04F79EFBC}") = "MyExtension.Interfaces", "MyExtension.Interfaces\MyExtension.Interfaces.csproj", "{C63CFD3E-3E77-4FC1-A3FF-E2407BB251B8}"
EndProject
Project("{FAE04EC0-301F-11D3-BF4B-00C04F79EFBC}") = "MyExtension.IntegrationTests", "MyExtension.IntegrationTests\MyExtension.IntegrationTests.csproj", "{2D7A3587-A39B-4145-BE0A-8A7CC411CE3D}"
EndProject
Project("{2150E333-8FDC-42A3-9474-1A3956D46DE8}") = "Solution Items", "Solution Items", "{4E128085-5011-43A1-BAC8-EB8BDB290183}"
	ProjectSection(SolutionItems) = preProject
		..\build.cmd = ..\build.cmd
		..\build.proj = ..\build.proj
		..\README.md = ..\README.md
	EndProjectSection
EndProject
Project("{FAE04EC0-301F-11D3-BF4B-00C04F79EFBC}") = "MyExtension.MsTests", "MyExtension.MsTests\MyExtension.MsTests.csproj", "{20ECE84E-3786-472D-867D-2057D0D15795}"
EndProject
Global
	GlobalSection(SolutionConfigurationPlatforms) = preSolution
		Debug|Any CPU = Debug|Any CPU
		Debug|x86 = Debug|x86
		Release|Any CPU = Release|Any CPU
		Release|x86 = Release|x86
	EndGlobalSection
	GlobalSection(ProjectConfigurationPlatforms) = postSolution
		{601ACD96-E515-45E3-9BF6-00ADF3DF9532}.Debug|Any CPU.ActiveCfg = Debug|Any CPU
		{601ACD96-E515-45E3-9BF6-00ADF3DF9532}.Debug|Any CPU.Build.0 = Debug|Any CPU
		{601ACD96-E515-45E3-9BF6-00ADF3DF9532}.Debug|x86.ActiveCfg = Debug|Any CPU
		{601ACD96-E515-45E3-9BF6-00ADF3DF9532}.Debug|x86.Build.0 = Debug|Any CPU
		{601ACD96-E515-45E3-9BF6-00ADF3DF9532}.Release|Any CPU.ActiveCfg = Release|Any CPU
		{601ACD96-E515-45E3-9BF6-00ADF3DF9532}.Release|Any CPU.Build.0 = Release|Any CPU
		{601ACD96-E515-45E3-9BF6-00ADF3DF9532}.Release|x86.ActiveCfg = Release|Any CPU
		{601ACD96-E515-45E3-9BF6-00ADF3DF9532}.Release|x86.Build.0 = Release|Any CPU
		{C63CFD3E-3E77-4FC1-A3FF-E2407BB251B8}.Debug|Any CPU.ActiveCfg = Debug|Any CPU
		{C63CFD3E-3E77-4FC1-A3FF-E2407BB251B8}.Debug|Any CPU.Build.0 = Debug|Any CPU
		{C63CFD3E-3E77-4FC1-A3FF-E2407BB251B8}.Debug|x86.ActiveCfg = Debug|Any CPU
		{C63CFD3E-3E77-4FC1-A3FF-E2407BB251B8}.Debug|x86.Build.0 = Debug|Any CPU
		{C63CFD3E-3E77-4FC1-A3FF-E2407BB251B8}.Release|Any CPU.ActiveCfg = Release|Any CPU
		{C63CFD3E-3E77-4FC1-A3FF-E2407BB251B8}.Release|Any CPU.Build.0 = Release|Any CPU
		{C63CFD3E-3E77-4FC1-A3FF-E2407BB251B8}.Release|x86.ActiveCfg = Release|Any CPU
		{C63CFD3E-3E77-4FC1-A3FF-E2407BB251B8}.Release|x86.Build.0 = Release|Any CPU
		{2D7A3587-A39B-4145-BE0A-8A7CC411CE3D}.Debug|Any CPU.ActiveCfg = Debug|Any CPU
		{2D7A3587-A39B-4145-BE0A-8A7CC411CE3D}.Debug|Any CPU.Build.0 = Debug|Any CPU
		{2D7A3587-A39B-4145-BE0A-8A7CC411CE3D}.Debug|x86.ActiveCfg = Debug|Any CPU
		{2D7A3587-A39B-4145-BE0A-8A7CC411CE3D}.Debug|x86.Build.0 = Debug|Any CPU
		{2D7A3587-A39B-4145-BE0A-8A7CC411CE3D}.Release|Any CPU.ActiveCfg = Release|Any CPU
		{2D7A3587-A39B-4145-BE0A-8A7CC411CE3D}.Release|Any CPU.Build.0 = Release|Any CPU
		{2D7A3587-A39B-4145-BE0A-8A7CC411CE3D}.Release|x86.ActiveCfg = Release|Any CPU
		{2D7A3587-A39B-4145-BE0A-8A7CC411CE3D}.Release|x86.Build.0 = Release|Any CPU
		{20ECE84E-3786-472D-867D-2057D0D15795}.Debug|Any CPU.ActiveCfg = Debug|Any CPU
		{20ECE84E-3786-472D-867D-2057D0D15795}.Debug|Any CPU.Build.0 = Debug|Any CPU
		{20ECE84E-3786-472D-867D-2057D0D15795}.Debug|x86.ActiveCfg = Debug|Any CPU
		{20ECE84E-3786-472D-867D-2057D0D15795}.Debug|x86.Build.0 = Debug|Any CPU
		{20ECE84E-3786-472D-867D-2057D0D15795}.Release|Any CPU.ActiveCfg = Release|Any CPU
		{20ECE84E-3786-472D-867D-2057D0D15795}.Release|Any CPU.Build.0 = Release|Any CPU
		{20ECE84E-3786-472D-867D-2057D0D15795}.Release|x86.ActiveCfg = Release|Any CPU
		{20ECE84E-3786-472D-867D-2057D0D15795}.Release|x86.Build.0 = Release|Any CPU
	EndGlobalSection
	GlobalSection(SolutionProperties) = preSolution
		HideSolutionNode = FALSE
	EndGlobalSection
EndGlobal
